
Microsoft Visual Studio Solution File, Format Version 12.00
# Visual Studio Version 17
VisualStudioVersion = 17.11.35222.181
MinimumVisualStudioVersion = 10.0.40219.1
Project("{9A19103F-16F7-4668-BE54-9A1E7A4F7556}") = "BlazorSSH", "BlazorSSH\BlazorSSH.csproj", "{3606B1BD-8FB3-48BF-9E72-0F47F5F3F36D}"
EndProject
Project("{FAE04EC0-301F-11D3-BF4B-00C04F79EFBC}") = "BlazorSSH.AppHost", "BlazorSSH.AppHost\BlazorSSH.AppHost.csproj", "{9D1F9557-C098-4629-ABE4-AD55C252D032}"
EndProject
Project("{9A19103F-16F7-4668-BE54-9A1E7A4F7556}") = "BlazorSSH.ServiceDefaults", "BlazorSSH.ServiceDefaults\BlazorSSH.ServiceDefaults.csproj", "{5C1DF125-D2D8-4897-B5C1-096F0B24F077}"
EndProject
Global
	GlobalSection(SolutionConfigurationPlatforms) = preSolution
		Debug|Any CPU = Debug|Any CPU
		Release|Any CPU = Release|Any CPU
	EndGlobalSection
	GlobalSection(ProjectConfigurationPlatforms) = postSolution
		{3606B1BD-8FB3-48BF-9E72-0F47F5F3F36D}.Debug|Any CPU.ActiveCfg = Debug|Any CPU
		{3606B1BD-8FB3-48BF-9E72-0F47F5F3F36D}.Debug|Any CPU.Build.0 = Debug|Any CPU
		{3606B1BD-8FB3-48BF-9E72-0F47F5F3F36D}.Release|Any CPU.ActiveCfg = Release|Any CPU
		{3606B1BD-8FB3-48BF-9E72-0F47F5F3F36D}.Release|Any CPU.Build.0 = Release|Any CPU
		{9D1F9557-C098-4629-ABE4-AD55C252D032}.Debug|Any CPU.ActiveCfg = Debug|Any CPU
		{9D1F9557-C098-4629-ABE4-AD55C252D032}.Debug|Any CPU.Build.0 = Debug|Any CPU
		{9D1F9557-C098-4629-ABE4-AD55C252D032}.Release|Any CPU.ActiveCfg = Release|Any CPU
		{9D1F9557-C098-4629-ABE4-AD55C252D032}.Release|Any CPU.Build.0 = Release|Any CPU
		{5C1DF125-D2D8-4897-B5C1-096F0B24F077}.Debug|Any CPU.ActiveCfg = Debug|Any CPU
		{5C1DF125-D2D8-4897-B5C1-096F0B24F077}.Debug|Any CPU.Build.0 = Debug|Any CPU
		{5C1DF125-D2D8-4897-B5C1-096F0B24F077}.Release|Any CPU.ActiveCfg = Release|Any CPU
		{5C1DF125-D2D8-4897-B5C1-096F0B24F077}.Release|Any CPU.Build.0 = Release|Any CPU
	EndGlobalSection
	GlobalSection(SolutionProperties) = preSolution
		HideSolutionNode = FALSE
	EndGlobalSection
	GlobalSection(ExtensibilityGlobals) = postSolution
		SolutionGuid = {E25E6904-1B61-4EF4-82F0-05ABF39D9E55}
	EndGlobalSection
EndGlobal
